
Microsoft Visual Studio Solution File, Format Version 11.00
# Visual Studio 2010
Project("{FAE04EC0-301F-11D3-BF4B-00C04F79EFBC}") = "FilmesAssistidos", "FilmesAssistidos\FilmesAssistidos.csproj", "{D40FB1E3-023C-4A22-859F-EB545841AF94}"
EndProject
Global
	GlobalSection(SolutionConfigurationPlatforms) = preSolution
		Debug|x86 = Debug|x86
		Release|x86 = Release|x86
	EndGlobalSection
	GlobalSection(ProjectConfigurationPlatforms) = postSolution
		{D40FB1E3-023C-4A22-859F-EB545841AF94}.Debug|x86.ActiveCfg = Debug|x86
		{D40FB1E3-023C-4A22-859F-EB545841AF94}.Debug|x86.Build.0 = Debug|x86
		{D40FB1E3-023C-4A22-859F-EB545841AF94}.Release|x86.ActiveCfg = Release|x86
		{D40FB1E3-023C-4A22-859F-EB545841AF94}.Release|x86.Build.0 = Release|x86
	EndGlobalSection
	GlobalSection(SolutionProperties) = preSolution
		HideSolutionNode = FALSE
	EndGlobalSection
EndGlobal
